
Microsoft Visual Studio Solution File, Format Version 12.00
# Visual Studio Version 17
VisualStudioVersion = 17.14.36127.28 d17.14
MinimumVisualStudioVersion = 10.0.40219.1
Project("{FAE04EC0-301F-11D3-BF4B-00C04F79EFBC}") = "GuitarTabPrototype", "GuitarTabPrototype.csproj", "{280686C1-248B-4A29-B889-324E03E6B00B}"
EndProject
Global
	GlobalSection(SolutionConfigurationPlatforms) = preSolution
		Debug|Any CPU = Debug|Any CPU
		Release|Any CPU = Release|Any CPU
	EndGlobalSection
	GlobalSection(ProjectConfigurationPlatforms) = postSolution
		{280686C1-248B-4A29-B889-324E03E6B00B}.Debug|Any CPU.ActiveCfg = Debug|Any CPU
		{280686C1-248B-4A29-B889-324E03E6B00B}.Debug|Any CPU.Build.0 = Debug|Any CPU
		{280686C1-248B-4A29-B889-324E03E6B00B}.Release|Any CPU.ActiveCfg = Release|Any CPU
		{280686C1-248B-4A29-B889-324E03E6B00B}.Release|Any CPU.Build.0 = Release|Any CPU
	EndGlobalSection
	GlobalSection(SolutionProperties) = preSolution
		HideSolutionNode = FALSE
	EndGlobalSection
	GlobalSection(ExtensibilityGlobals) = postSolution
		SolutionGuid = {D4A122DC-C8E6-4D52-9790-AF470B8E14DC}
	EndGlobalSection
EndGlobal
